// !$*UTF8*$!
{
	archiveVersion = 1;
	classes = {
	};
	objectVersion = 48;
	objects = {

/* Begin PBXBuildFile section */
		3B8F87F01FFC22D900F2B67D /* main.cpp in Sources */ = {isa = PBXBuildFile; fileRef = 3B8F87EF1FFC22D900F2B67D /* main.cpp */; };
		3B8F87F21FFC22D900F2B67D /* Makefile in Sources */ = {isa = PBXBuildFile; fileRef = 3B8F87F11FFC22D900F2B67D /* Makefile */; };
/* End PBXBuildFile section */

/* Begin PBXFileReference section */
		3B8F87EC1FFC22D900F2B67D /* Index */ = {isa = PBXFileReference; explicitFileType = "compiled.mach-o.executable"; includeInIndex = 0; path = Index; sourceTree = BUILT_PRODUCTS_DIR; };
		3B8F87EF1FFC22D900F2B67D /* main.cpp */ = {isa = PBXFileReference; lastKnownFileType = sourcecode.cpp.cpp; path = main.cpp; sourceTree = "<group>"; };
		3B8F87F11FFC22D900F2B67D /* Makefile */ = {isa = PBXFileReference; lastKnownFileType = sourcecode.make; path = Makefile; sourceTree = "<group>"; };
		3B8F87F31FFC22D900F2B67D /* ReadMe.txt */ = {isa = PBXFileReference; lastKnownFileType = text; path = ReadMe.txt; sourceTree = "<group>"; };
		3B8F87F51FFC22D900F2B67D /* Sketchbook.txt */ = {isa = PBXFileReference; lastKnownFileType = text; name = Sketchbook.txt; path = Sketchbook/Sketchbook.txt; sourceTree = "<group>"; };
		3B8F87F71FFC22D900F2B67D /* Arduino Due (Programming Port).xcconfig */ = {isa = PBXFileReference; lastKnownFileType = text.xcconfig; name = "Arduino Due (Programming Port).xcconfig"; path = "Configurations/Arduino Due (Programming Port).xcconfig"; sourceTree = "<group>"; };
		3B8F87F81FFC22D900F2B67D /* Arduino Duemilanove.xcconfig */ = {isa = PBXFileReference; lastKnownFileType = text.xcconfig; name = "Arduino Duemilanove.xcconfig"; path = "Configurations/Arduino Duemilanove.xcconfig"; sourceTree = "<group>"; };
		3B8F87F91FFC22D900F2B67D /* Arduino Leonardo.xcconfig */ = {isa = PBXFileReference; lastKnownFileType = text.xcconfig; name = "Arduino Leonardo.xcconfig"; path = "Configurations/Arduino Leonardo.xcconfig"; sourceTree = "<group>"; };
		3B8F87FA1FFC22D900F2B67D /* Arduino Mega 2560.xcconfig */ = {isa = PBXFileReference; lastKnownFileType = text.xcconfig; name = "Arduino Mega 2560.xcconfig"; path = "Configurations/Arduino Mega 2560.xcconfig"; sourceTree = "<group>"; };
		3B8F87FB1FFC22D900F2B67D /* Arduino Micro.xcconfig */ = {isa = PBXFileReference; lastKnownFileType = text.xcconfig; name = "Arduino Micro.xcconfig"; path = "Configurations/Arduino Micro.xcconfig"; sourceTree = "<group>"; };
		3B8F87FC1FFC22D900F2B67D /* Arduino Pro ATmega328-3.3V.xcconfig */ = {isa = PBXFileReference; lastKnownFileType = text.xcconfig; name = "Arduino Pro ATmega328-3.3V.xcconfig"; path = "Configurations/Arduino Pro ATmega328-3.3V.xcconfig"; sourceTree = "<group>"; };
		3B8F87FD1FFC22D900F2B67D /* Arduino Pro ATmega328-5V.xcconfig */ = {isa = PBXFileReference; lastKnownFileType = text.xcconfig; name = "Arduino Pro ATmega328-5V.xcconfig"; path = "Configurations/Arduino Pro ATmega328-5V.xcconfig"; sourceTree = "<group>"; };
		3B8F87FE1FFC22D900F2B67D /* Arduino Mini ATmega168.xcconfig */ = {isa = PBXFileReference; lastKnownFileType = text.xcconfig; name = "Arduino Mini ATmega168.xcconfig"; path = "Configurations/Arduino Mini ATmega168.xcconfig"; sourceTree = "<group>"; };
		3B8F87FF1FFC22D900F2B67D /* Arduino Mini ATmega328.xcconfig */ = {isa = PBXFileReference; lastKnownFileType = text.xcconfig; name = "Arduino Mini ATmega328.xcconfig"; path = "Configurations/Arduino Mini ATmega328.xcconfig"; sourceTree = "<group>"; };
		3B8F88001FFC22D900F2B67D /* Arduino Nano ATmega168.xcconfig */ = {isa = PBXFileReference; lastKnownFileType = text.xcconfig; name = "Arduino Nano ATmega168.xcconfig"; path = "Configurations/Arduino Nano ATmega168.xcconfig"; sourceTree = "<group>"; };
		3B8F88011FFC22D900F2B67D /* Arduino Nano ATmega328.xcconfig */ = {isa = PBXFileReference; lastKnownFileType = text.xcconfig; name = "Arduino Nano ATmega328.xcconfig"; path = "Configurations/Arduino Nano ATmega328.xcconfig"; sourceTree = "<group>"; };
		3B8F88021FFC22D900F2B67D /* Arduino Robot Control.xcconfig */ = {isa = PBXFileReference; lastKnownFileType = text.xcconfig; name = "Arduino Robot Control.xcconfig"; path = "Configurations/Arduino Robot Control.xcconfig"; sourceTree = "<group>"; };
		3B8F88031FFC22D900F2B67D /* Arduino Robot Motor.xcconfig */ = {isa = PBXFileReference; lastKnownFileType = text.xcconfig; name = "Arduino Robot Motor.xcconfig"; path = "Configurations/Arduino Robot Motor.xcconfig"; sourceTree = "<group>"; };
		3B8F88041FFC22D900F2B67D /* Arduino Uno.xcconfig */ = {isa = PBXFileReference; lastKnownFileType = text.xcconfig; name = "Arduino Uno.xcconfig"; path = "Configurations/Arduino Uno.xcconfig"; sourceTree = "<group>"; };
		3B8F88051FFC22D900F2B67D /* Arduino Yun (USB).xcconfig */ = {isa = PBXFileReference; lastKnownFileType = text.xcconfig; name = "Arduino Yun (USB).xcconfig"; path = "Configurations/Arduino Yun (USB).xcconfig"; sourceTree = "<group>"; };
		3B8F88061FFC22D900F2B67D /* Arduino Zero (Programming Port).xcconfig */ = {isa = PBXFileReference; lastKnownFileType = text.xcconfig; name = "Arduino Zero (Programming Port).xcconfig"; path = "Configurations/Arduino Zero (Programming Port).xcconfig"; sourceTree = "<group>"; };
		3B8F88071FFC22D900F2B67D /* Arduino M0 Pro (Programming Port).xcconfig */ = {isa = PBXFileReference; lastKnownFileType = text.xcconfig; name = "Arduino M0 Pro (Programming Port).xcconfig"; path = "Configurations/Arduino M0 Pro (Programming Port).xcconfig"; sourceTree = "<group>"; };
		3B8F88081FFC22D900F2B67D /* Arduino Tian (USB).xcconfig */ = {isa = PBXFileReference; lastKnownFileType = text.xcconfig; name = "Arduino Tian (USB).xcconfig"; path = "Configurations/Arduino Tian (USB).xcconfig"; sourceTree = "<group>"; };
		3B8F88091FFC22D900F2B67D /* ESP8266.xcconfig */ = {isa = PBXFileReference; lastKnownFileType = text.xcconfig; name = ESP8266.xcconfig; path = Configurations/ESP8266.xcconfig; sourceTree = "<group>"; };
		3B8F880A1FFC22D900F2B67D /* NodeMCU 0.9 ESP-12.xcconfig */ = {isa = PBXFileReference; lastKnownFileType = text.xcconfig; name = "NodeMCU 0.9 ESP-12.xcconfig"; path = "Configurations/NodeMCU 0.9 ESP-12.xcconfig"; sourceTree = "<group>"; };
		3B8F880B1FFC22D900F2B67D /* NodeMCU 1.0 ESP-12E.xcconfig */ = {isa = PBXFileReference; lastKnownFileType = text.xcconfig; name = "NodeMCU 1.0 ESP-12E.xcconfig"; path = "Configurations/NodeMCU 1.0 ESP-12E.xcconfig"; sourceTree = "<group>"; };
		3B8F880C1FFC22D900F2B67D /* Experimeter Board MSP430FR5739.xcconfig */ = {isa = PBXFileReference; lastKnownFileType = text.xcconfig; name = "Experimeter Board MSP430FR5739.xcconfig"; path = "Configurations/Experimeter Board MSP430FR5739.xcconfig"; sourceTree = "<group>"; };
		3B8F880D1FFC22D900F2B67D /* LaunchPad MSP432P401 EMT.xcconfig */ = {isa = PBXFileReference; lastKnownFileType = text.xcconfig; name = "LaunchPad MSP432P401 EMT.xcconfig"; path = "Configurations/LaunchPad MSP432P401 EMT.xcconfig"; sourceTree = "<group>"; };
		3B8F880E1FFC22D900F2B67D /* LaunchPad CC3200 WiFi.xcconfig */ = {isa = PBXFileReference; lastKnownFileType = text.xcconfig; name = "LaunchPad CC3200 WiFi.xcconfig"; path = "Configurations/LaunchPad CC3200 WiFi.xcconfig"; sourceTree = "<group>"; };
		3B8F880F1FFC22D900F2B67D /* LaunchPad CC3200 WiFi EMT.xcconfig */ = {isa = PBXFileReference; lastKnownFileType = text.xcconfig; name = "LaunchPad CC3200 WiFi EMT.xcconfig"; path = "Configurations/LaunchPad CC3200 WiFi EMT.xcconfig"; sourceTree = "<group>"; };
		3B8F88101FFC22D900F2B67D /* LaunchPad LM4F120 Stellaris.xcconfig */ = {isa = PBXFileReference; lastKnownFileType = text.xcconfig; name = "LaunchPad LM4F120 Stellaris.xcconfig"; path = "Configurations/LaunchPad LM4F120 Stellaris.xcconfig"; sourceTree = "<group>"; };
		3B8F88111FFC22D900F2B67D /* LaunchPad TM4C123 Tiva C.xcconfig */ = {isa = PBXFileReference; lastKnownFileType = text.xcconfig; name = "LaunchPad TM4C123 Tiva C.xcconfig"; path = "Configurations/LaunchPad TM4C123 Tiva C.xcconfig"; sourceTree = "<group>"; };
		3B8F88121FFC22D900F2B67D /* LaunchPad TM4C129 Connected.xcconfig */ = {isa = PBXFileReference; lastKnownFileType = text.xcconfig; name = "LaunchPad TM4C129 Connected.xcconfig"; path = "Configurations/LaunchPad TM4C129 Connected.xcconfig"; sourceTree = "<group>"; };
		3B8F88131FFC22D900F2B67D /* LaunchPad MSP430G2231.xcconfig */ = {isa = PBXFileReference; lastKnownFileType = text.xcconfig; name = "LaunchPad MSP430G2231.xcconfig"; path = "Configurations/LaunchPad MSP430G2231.xcconfig"; sourceTree = "<group>"; };
		3B8F88141FFC22D900F2B67D /* LaunchPad MSP430G2452.xcconfig */ = {isa = PBXFileReference; lastKnownFileType = text.xcconfig; name = "LaunchPad MSP430G2452.xcconfig"; path = "Configurations/LaunchPad MSP430G2452.xcconfig"; sourceTree = "<group>"; };
		3B8F88151FFC22D900F2B67D /* LaunchPad MSP430G2553.xcconfig */ = {isa = PBXFileReference; lastKnownFileType = text.xcconfig; name = "LaunchPad MSP430G2553.xcconfig"; path = "Configurations/LaunchPad MSP430G2553.xcconfig"; sourceTree = "<group>"; };
		3B8F88161FFC22D900F2B67D /* LaunchPad MSP430FR2433.xcconfig */ = {isa = PBXFileReference; lastKnownFileType = text.xcconfig; name = "LaunchPad MSP430FR2433.xcconfig"; path = "Configurations/LaunchPad MSP430FR2433.xcconfig"; sourceTree = "<group>"; };
		3B8F88171FFC22D900F2B67D /* LaunchPad MSP430FR4133.xcconfig */ = {isa = PBXFileReference; lastKnownFileType = text.xcconfig; name = "LaunchPad MSP430FR4133.xcconfig"; path = "Configurations/LaunchPad MSP430FR4133.xcconfig"; sourceTree = "<group>"; };
		3B8F88181FFC22D900F2B67D /* LaunchPad MSP430F5529.xcconfig */ = {isa = PBXFileReference; lastKnownFileType = text.xcconfig; name = "LaunchPad MSP430F5529.xcconfig"; path = "Configurations/LaunchPad MSP430F5529.xcconfig"; sourceTree = "<group>"; };
		3B8F88191FFC22D900F2B67D /* LaunchPad MSP430FR5969.xcconfig */ = {isa = PBXFileReference; lastKnownFileType = text.xcconfig; name = "LaunchPad MSP430FR5969.xcconfig"; path = "Configurations/LaunchPad MSP430FR5969.xcconfig"; sourceTree = "<group>"; };
		3B8F881A1FFC22D900F2B67D /* LaunchPad MSP430FR6989.xcconfig */ = {isa = PBXFileReference; lastKnownFileType = text.xcconfig; name = "LaunchPad MSP430FR6989.xcconfig"; path = "Configurations/LaunchPad MSP430FR6989.xcconfig"; sourceTree = "<group>"; };
		3B8F881B1FFC22D900F2B67D /* Teensy 2.0.xcconfig */ = {isa = PBXFileReference; lastKnownFileType = text.xcconfig; name = "Teensy 2.0.xcconfig"; path = "Configurations/Teensy 2.0.xcconfig"; sourceTree = "<group>"; };
		3B8F881C1FFC22D900F2B67D /* Teensy 3.0.xcconfig */ = {isa = PBXFileReference; lastKnownFileType = text.xcconfig; name = "Teensy 3.0.xcconfig"; path = "Configurations/Teensy 3.0.xcconfig"; sourceTree = "<group>"; };
		3B8F881D1FFC22D900F2B67D /* Teensy 3.1.xcconfig */ = {isa = PBXFileReference; lastKnownFileType = text.xcconfig; name = "Teensy 3.1.xcconfig"; path = "Configurations/Teensy 3.1.xcconfig"; sourceTree = "<group>"; };
		3B8F881E1FFC22D900F2B67D /* Teensy 3.2.xcconfig */ = {isa = PBXFileReference; lastKnownFileType = text.xcconfig; name = "Teensy 3.2.xcconfig"; path = "Configurations/Teensy 3.2.xcconfig"; sourceTree = "<group>"; };
		3B8F881F1FFC22D900F2B67D /* Teensy 3.5.xcconfig */ = {isa = PBXFileReference; lastKnownFileType = text.xcconfig; name = "Teensy 3.5.xcconfig"; path = "Configurations/Teensy 3.5.xcconfig"; sourceTree = "<group>"; };
		3B8F88201FFC22D900F2B67D /* Teensy 3.6.xcconfig */ = {isa = PBXFileReference; lastKnownFileType = text.xcconfig; name = "Teensy 3.6.xcconfig"; path = "Configurations/Teensy 3.6.xcconfig"; sourceTree = "<group>"; };
		3B8F88211FFC22D900F2B67D /* Teensy LC.xcconfig */ = {isa = PBXFileReference; lastKnownFileType = text.xcconfig; name = "Teensy LC.xcconfig"; path = "Configurations/Teensy LC.xcconfig"; sourceTree = "<group>"; };
		3B8F88231FFC22D900F2B67D /* ArduinoAVR_180.mk */ = {isa = PBXFileReference; lastKnownFileType = text; name = ArduinoAVR_180.mk; path = Makefiles/ArduinoAVR_180.mk; sourceTree = "<group>"; };
		3B8F88241FFC22D900F2B67D /* ArduinoAVR_181.mk */ = {isa = PBXFileReference; lastKnownFileType = text; name = ArduinoAVR_181.mk; path = Makefiles/ArduinoAVR_181.mk; sourceTree = "<group>"; };
		3B8F88251FFC22D900F2B67D /* ArduinoSAM_180.mk */ = {isa = PBXFileReference; lastKnownFileType = text; name = ArduinoSAM_180.mk; path = Makefiles/ArduinoSAM_180.mk; sourceTree = "<group>"; };
		3B8F88261FFC22D900F2B67D /* ArduinoSAMD_180.mk */ = {isa = PBXFileReference; lastKnownFileType = text; name = ArduinoSAMD_180.mk; path = Makefiles/ArduinoSAMD_180.mk; sourceTree = "<group>"; };
		3B8F88271FFC22D900F2B67D /* EnergiaMSP430_18.mk */ = {isa = PBXFileReference; lastKnownFileType = text; name = EnergiaMSP430_18.mk; path = Makefiles/EnergiaMSP430_18.mk; sourceTree = "<group>"; };
		3B8F88281FFC22D900F2B67D /* EnergiaMSP430_19.mk */ = {isa = PBXFileReference; lastKnownFileType = text; name = EnergiaMSP430_19.mk; path = Makefiles/EnergiaMSP430_19.mk; sourceTree = "<group>"; };
		3B8F88291FFC22D900F2B67D /* EnergiaMSP432EMT_18.mk */ = {isa = PBXFileReference; lastKnownFileType = text; name = EnergiaMSP432EMT_18.mk; path = Makefiles/EnergiaMSP432EMT_18.mk; sourceTree = "<group>"; };
		3B8F882A1FFC22D900F2B67D /* EnergiaTIVAC_18.mk */ = {isa = PBXFileReference; lastKnownFileType = text; name = EnergiaTIVAC_18.mk; path = Makefiles/EnergiaTIVAC_18.mk; sourceTree = "<group>"; };
		3B8F882B1FFC22D900F2B67D /* EnergiaCC3200_18.mk */ = {isa = PBXFileReference; lastKnownFileType = text; name = EnergiaCC3200_18.mk; path = Makefiles/EnergiaCC3200_18.mk; sourceTree = "<group>"; };
		3B8F882C1FFC22D900F2B67D /* EnergiaCC3200EMT_18.mk */ = {isa = PBXFileReference; lastKnownFileType = text; name = EnergiaCC3200EMT_18.mk; path = Makefiles/EnergiaCC3200EMT_18.mk; sourceTree = "<group>"; };
		3B8F882D1FFC22D900F2B67D /* ESP8266_180.mk */ = {isa = PBXFileReference; lastKnownFileType = text; name = ESP8266_180.mk; path = Makefiles/ESP8266_180.mk; sourceTree = "<group>"; };
		3B8F882E1FFC22D900F2B67D /* Teensy.mk */ = {isa = PBXFileReference; lastKnownFileType = text; name = Teensy.mk; path = Makefiles/Teensy.mk; sourceTree = "<group>"; };
		3B8F882F1FFC22D900F2B67D /* Teensy2.mk */ = {isa = PBXFileReference; lastKnownFileType = text; name = Teensy2.mk; path = Makefiles/Teensy2.mk; sourceTree = "<group>"; };
		3B8F88301FFC22D900F2B67D /* Teensy3.mk */ = {isa = PBXFileReference; lastKnownFileType = text; name = Teensy3.mk; path = Makefiles/Teensy3.mk; sourceTree = "<group>"; };
		3B8F88311FFC22D900F2B67D /* About.mk */ = {isa = PBXFileReference; lastKnownFileType = text; name = About.mk; path = Makefiles/About.mk; sourceTree = "<group>"; };
		3B8F88321FFC22D900F2B67D /* Step1.mk */ = {isa = PBXFileReference; lastKnownFileType = text; name = Step1.mk; path = Makefiles/Step1.mk; sourceTree = "<group>"; };
		3B8F88331FFC22D900F2B67D /* Step2.mk */ = {isa = PBXFileReference; lastKnownFileType = text; name = Step2.mk; path = Makefiles/Step2.mk; sourceTree = "<group>"; };
		3B8F88341FFC22D900F2B67D /* Avrdude.mk */ = {isa = PBXFileReference; lastKnownFileType = text; name = Avrdude.mk; path = Makefiles/Avrdude.mk; sourceTree = "<group>"; };
		3B8F88361FFC22D900F2B67D /* reset_1200.py */ = {isa = PBXFileReference; lastKnownFileType = text.script.python; name = reset_1200.py; path = Utilities/reset_1200.py; sourceTree = "<group>"; };
		3B8F88371FFC22D900F2B67D /* embedXcode_prepare */ = {isa = PBXFileReference; lastKnownFileType = "compiled.mach-o.executable"; name = embedXcode_prepare; path = Utilities/embedXcode_prepare; sourceTree = "<group>"; };
		3B8F88381FFC22D900F2B67D /* embedXcode_check */ = {isa = PBXFileReference; lastKnownFileType = "compiled.mach-o.executable"; name = embedXcode_check; path = Utilities/embedXcode_check; sourceTree = "<group>"; };
		3B8F88391FFC22D900F2B67D /* embedXcode_chrono */ = {isa = PBXFileReference; lastKnownFileType = "compiled.mach-o.executable"; name = embedXcode_chrono; path = Utilities/embedXcode_chrono; sourceTree = "<group>"; };
		3B8F883A1FFC22D900F2B67D /* TemplateIcon.icns */ = {isa = PBXFileReference; lastKnownFileType = image.icns; name = TemplateIcon.icns; path = Utilities/TemplateIcon.icns; sourceTree = "<group>"; };
		3B8F883B1FFC22D900F2B67D /* Sensorix.ino */ = {isa = PBXFileReference; lastKnownFileType = text; path = Sensorix.ino; sourceTree = "<group>"; };
/* End PBXFileReference section */

/* Begin PBXGroup section */
		3B8F87E01FFC22D900F2B67D = {
			isa = PBXGroup;
			children = (
				3B8F87EE1FFC22D900F2B67D /* Sensorix */,
				3B8F87ED1FFC22D900F2B67D /* Products */,
			);
			sourceTree = "<group>";
		};
		3B8F87ED1FFC22D900F2B67D /* Products */ = {
			isa = PBXGroup;
			children = (
				3B8F87EC1FFC22D900F2B67D /* Index */,
			);
			name = Products;
			sourceTree = "<group>";
		};
		3B8F87EE1FFC22D900F2B67D /* Sensorix */ = {
			isa = PBXGroup;
			children = (
				3B8F87EF1FFC22D900F2B67D /* main.cpp */,
				3B8F87F11FFC22D900F2B67D /* Makefile */,
				3B8F87F31FFC22D900F2B67D /* ReadMe.txt */,
				3B8F883B1FFC22D900F2B67D /* Sensorix.ino */,
				3B8F87F41FFC22D900F2B67D /* Sketchbook */,
				3B8F87F61FFC22D900F2B67D /* Configurations */,
				3B8F88221FFC22D900F2B67D /* Makefiles */,
				3B8F88351FFC22D900F2B67D /* Utilities */,
			);
			path = Sensorix;
			sourceTree = "<group>";
		};
		3B8F87F41FFC22D900F2B67D /* Sketchbook */ = {
			isa = PBXGroup;
			children = (
				3B8F87F51FFC22D900F2B67D /* Sketchbook.txt */,
			);
			name = Sketchbook;
			sourceTree = "<group>";
		};
		3B8F87F61FFC22D900F2B67D /* Configurations */ = {
			isa = PBXGroup;
			children = (
				3B8F87F71FFC22D900F2B67D /* Arduino Due (Programming Port).xcconfig */,
				3B8F87F81FFC22D900F2B67D /* Arduino Duemilanove.xcconfig */,
				3B8F87F91FFC22D900F2B67D /* Arduino Leonardo.xcconfig */,
				3B8F87FA1FFC22D900F2B67D /* Arduino Mega 2560.xcconfig */,
				3B8F87FB1FFC22D900F2B67D /* Arduino Micro.xcconfig */,
				3B8F87FC1FFC22D900F2B67D /* Arduino Pro ATmega328-3.3V.xcconfig */,
				3B8F87FD1FFC22D900F2B67D /* Arduino Pro ATmega328-5V.xcconfig */,
				3B8F87FE1FFC22D900F2B67D /* Arduino Mini ATmega168.xcconfig */,
				3B8F87FF1FFC22D900F2B67D /* Arduino Mini ATmega328.xcconfig */,
				3B8F88001FFC22D900F2B67D /* Arduino Nano ATmega168.xcconfig */,
				3B8F88011FFC22D900F2B67D /* Arduino Nano ATmega328.xcconfig */,
				3B8F88021FFC22D900F2B67D /* Arduino Robot Control.xcconfig */,
				3B8F88031FFC22D900F2B67D /* Arduino Robot Motor.xcconfig */,
				3B8F88041FFC22D900F2B67D /* Arduino Uno.xcconfig */,
				3B8F88051FFC22D900F2B67D /* Arduino Yun (USB).xcconfig */,
				3B8F88061FFC22D900F2B67D /* Arduino Zero (Programming Port).xcconfig */,
				3B8F88071FFC22D900F2B67D /* Arduino M0 Pro (Programming Port).xcconfig */,
				3B8F88081FFC22D900F2B67D /* Arduino Tian (USB).xcconfig */,
				3B8F88091FFC22D900F2B67D /* ESP8266.xcconfig */,
				3B8F880A1FFC22D900F2B67D /* NodeMCU 0.9 ESP-12.xcconfig */,
				3B8F880B1FFC22D900F2B67D /* NodeMCU 1.0 ESP-12E.xcconfig */,
				3B8F880C1FFC22D900F2B67D /* Experimeter Board MSP430FR5739.xcconfig */,
				3B8F880D1FFC22D900F2B67D /* LaunchPad MSP432P401 EMT.xcconfig */,
				3B8F880E1FFC22D900F2B67D /* LaunchPad CC3200 WiFi.xcconfig */,
				3B8F880F1FFC22D900F2B67D /* LaunchPad CC3200 WiFi EMT.xcconfig */,
				3B8F88101FFC22D900F2B67D /* LaunchPad LM4F120 Stellaris.xcconfig */,
				3B8F88111FFC22D900F2B67D /* LaunchPad TM4C123 Tiva C.xcconfig */,
				3B8F88121FFC22D900F2B67D /* LaunchPad TM4C129 Connected.xcconfig */,
				3B8F88131FFC22D900F2B67D /* LaunchPad MSP430G2231.xcconfig */,
				3B8F88141FFC22D900F2B67D /* LaunchPad MSP430G2452.xcconfig */,
				3B8F88151FFC22D900F2B67D /* LaunchPad MSP430G2553.xcconfig */,
				3B8F88161FFC22D900F2B67D /* LaunchPad MSP430FR2433.xcconfig */,
				3B8F88171FFC22D900F2B67D /* LaunchPad MSP430FR4133.xcconfig */,
				3B8F88181FFC22D900F2B67D /* LaunchPad MSP430F5529.xcconfig */,
				3B8F88191FFC22D900F2B67D /* LaunchPad MSP430FR5969.xcconfig */,
				3B8F881A1FFC22D900F2B67D /* LaunchPad MSP430FR6989.xcconfig */,
				3B8F881B1FFC22D900F2B67D /* Teensy 2.0.xcconfig */,
				3B8F881C1FFC22D900F2B67D /* Teensy 3.0.xcconfig */,
				3B8F881D1FFC22D900F2B67D /* Teensy 3.1.xcconfig */,
				3B8F881E1FFC22D900F2B67D /* Teensy 3.2.xcconfig */,
				3B8F881F1FFC22D900F2B67D /* Teensy 3.5.xcconfig */,
				3B8F88201FFC22D900F2B67D /* Teensy 3.6.xcconfig */,
				3B8F88211FFC22D900F2B67D /* Teensy LC.xcconfig */,
			);
			name = Configurations;
			sourceTree = "<group>";
		};
		3B8F88221FFC22D900F2B67D /* Makefiles */ = {
			isa = PBXGroup;
			children = (
				3B8F88231FFC22D900F2B67D /* ArduinoAVR_180.mk */,
				3B8F88241FFC22D900F2B67D /* ArduinoAVR_181.mk */,
				3B8F88251FFC22D900F2B67D /* ArduinoSAM_180.mk */,
				3B8F88261FFC22D900F2B67D /* ArduinoSAMD_180.mk */,
				3B8F88271FFC22D900F2B67D /* EnergiaMSP430_18.mk */,
				3B8F88281FFC22D900F2B67D /* EnergiaMSP430_19.mk */,
				3B8F88291FFC22D900F2B67D /* EnergiaMSP432EMT_18.mk */,
				3B8F882A1FFC22D900F2B67D /* EnergiaTIVAC_18.mk */,
				3B8F882B1FFC22D900F2B67D /* EnergiaCC3200_18.mk */,
				3B8F882C1FFC22D900F2B67D /* EnergiaCC3200EMT_18.mk */,
				3B8F882D1FFC22D900F2B67D /* ESP8266_180.mk */,
				3B8F882E1FFC22D900F2B67D /* Teensy.mk */,
				3B8F882F1FFC22D900F2B67D /* Teensy2.mk */,
				3B8F88301FFC22D900F2B67D /* Teensy3.mk */,
				3B8F88311FFC22D900F2B67D /* About.mk */,
				3B8F88321FFC22D900F2B67D /* Step1.mk */,
				3B8F88331FFC22D900F2B67D /* Step2.mk */,
				3B8F88341FFC22D900F2B67D /* Avrdude.mk */,
			);
			name = Makefiles;
			sourceTree = "<group>";
		};
		3B8F88351FFC22D900F2B67D /* Utilities */ = {
			isa = PBXGroup;
			children = (
				3B8F88361FFC22D900F2B67D /* reset_1200.py */,
				3B8F88371FFC22D900F2B67D /* embedXcode_prepare */,
				3B8F88381FFC22D900F2B67D /* embedXcode_check */,
				3B8F88391FFC22D900F2B67D /* embedXcode_chrono */,
				3B8F883A1FFC22D900F2B67D /* TemplateIcon.icns */,
			);
			name = Utilities;
			sourceTree = "<group>";
		};
/* End PBXGroup section */

/* Begin PBXLegacyTarget section */
		3B8F87E51FFC22D900F2B67D /* Build */ = {
			isa = PBXLegacyTarget;
			buildArgumentsString = "build -C \"$(PROJECT)\"";
			buildConfigurationList = 3B8F883E1FFC22D900F2B67D /* Build configuration list for PBXLegacyTarget "Build" */;
			buildPhases = (
			);
			buildToolPath = make;
			dependencies = (
			);
			name = Build;
			passBuildSettingsInEnvironment = 1;
			productName = Build;
		};
		3B8F87E61FFC22D900F2B67D /* All */ = {
			isa = PBXLegacyTarget;
			buildArgumentsString = "all -C \"$(PROJECT)\"";
			buildConfigurationList = 3B8F88411FFC22D900F2B67D /* Build configuration list for PBXLegacyTarget "All" */;
			buildPhases = (
			);
			buildToolPath = make;
			dependencies = (
			);
			name = All;
			passBuildSettingsInEnvironment = 1;
			productName = All;
		};
		3B8F87E71FFC22D900F2B67D /* Boards */ = {
			isa = PBXLegacyTarget;
			buildArgumentsString = "boards -C \"$(PROJECT)\"";
			buildConfigurationList = 3B8F88441FFC22D900F2B67D /* Build configuration list for PBXLegacyTarget "Boards" */;
			buildPhases = (
			);
			buildToolPath = make;
			dependencies = (
			);
			name = Boards;
			passBuildSettingsInEnvironment = 1;
			productName = Boards;
		};
		3B8F87E81FFC22D900F2B67D /* Serial */ = {
			isa = PBXLegacyTarget;
			buildArgumentsString = "serial -C \"$(PROJECT)\"";
			buildConfigurationList = 3B8F88471FFC22D900F2B67D /* Build configuration list for PBXLegacyTarget "Serial" */;
			buildPhases = (
			);
			buildToolPath = make;
			dependencies = (
			);
			name = Serial;
			passBuildSettingsInEnvironment = 1;
			productName = Serial;
		};
		3B8F87E91FFC22D900F2B67D /* Upload */ = {
			isa = PBXLegacyTarget;
			buildArgumentsString = "upload -C \"$(PROJECT)\"";
			buildConfigurationList = 3B8F884A1FFC22D900F2B67D /* Build configuration list for PBXLegacyTarget "Upload" */;
			buildPhases = (
			);
			buildToolPath = make;
			dependencies = (
			);
			name = Upload;
			passBuildSettingsInEnvironment = 1;
			productName = Upload;
		};
/* End PBXLegacyTarget section */

/* Begin PBXNativeTarget section */
		3B8F87EB1FFC22D900F2B67D /* Index */ = {
			isa = PBXNativeTarget;
			buildConfigurationList = 3B8F884D1FFC22D900F2B67D /* Build configuration list for PBXNativeTarget "Index" */;
			buildPhases = (
				3B8F87EA1FFC22D900F2B67D /* Sources */,
			);
			buildRules = (
			);
			dependencies = (
			);
			name = Index;
			productName = Index;
			productReference = 3B8F87EC1FFC22D900F2B67D /* Index */;
			productType = "com.apple.product-type.tool";
		};
/* End PBXNativeTarget section */

/* Begin PBXProject section */
		3B8F87E11FFC22D900F2B67D /* Project object */ = {
			isa = PBXProject;
			attributes = {
				LastUpgradeCheck = 0920;
				ORGANIZATIONNAME = DocDevs;
				TargetAttributes = {
					3B8F87E51FFC22D900F2B67D = {
						CreatedOnToolsVersion = 9.2;
						ProvisioningStyle = Automatic;
					};
					3B8F87E61FFC22D900F2B67D = {
						CreatedOnToolsVersion = 9.2;
						ProvisioningStyle = Automatic;
					};
					3B8F87E71FFC22D900F2B67D = {
						CreatedOnToolsVersion = 9.2;
						ProvisioningStyle = Automatic;
					};
					3B8F87E81FFC22D900F2B67D = {
						CreatedOnToolsVersion = 9.2;
						ProvisioningStyle = Automatic;
					};
					3B8F87E91FFC22D900F2B67D = {
						CreatedOnToolsVersion = 9.2;
						ProvisioningStyle = Automatic;
					};
					3B8F87EB1FFC22D900F2B67D = {
						CreatedOnToolsVersion = 9.2;
						ProvisioningStyle = Automatic;
					};
				};
			};
			buildConfigurationList = 3B8F87E41FFC22D900F2B67D /* Build configuration list for PBXProject "Sensorix" */;
			compatibilityVersion = "Xcode 8.0";
			developmentRegion = en;
			hasScannedForEncodings = 0;
			knownRegions = (
				en,
			);
			mainGroup = 3B8F87E01FFC22D900F2B67D;
			productRefGroup = 3B8F87ED1FFC22D900F2B67D /* Products */;
			projectDirPath = "";
			projectRoot = "";
			targets = (
				3B8F87E51FFC22D900F2B67D /* Build */,
				3B8F87E61FFC22D900F2B67D /* All */,
				3B8F87E71FFC22D900F2B67D /* Boards */,
				3B8F87E81FFC22D900F2B67D /* Serial */,
				3B8F87E91FFC22D900F2B67D /* Upload */,
				3B8F87EB1FFC22D900F2B67D /* Index */,
			);
		};
/* End PBXProject section */

/* Begin PBXSourcesBuildPhase section */
		3B8F87EA1FFC22D900F2B67D /* Sources */ = {
			isa = PBXSourcesBuildPhase;
			buildActionMask = 2147483647;
			files = (
				3B8F87F21FFC22D900F2B67D /* Makefile in Sources */,
				3B8F87F01FFC22D900F2B67D /* main.cpp in Sources */,
			);
			runOnlyForDeploymentPostprocessing = 0;
		};
/* End PBXSourcesBuildPhase section */

/* Begin XCBuildConfiguration section */
		3B8F883C1FFC22D900F2B67D /* Debug */ = {
			isa = XCBuildConfiguration;
			baseConfigurationReference = 3B8F88041FFC22D900F2B67D /* Arduino Uno.xcconfig */;
			buildSettings = {
				ALWAYS_SEARCH_USER_PATHS = NO;
				CLANG_ANALYZER_NONNULL = YES;
				CLANG_ANALYZER_NUMBER_OBJECT_CONVERSION = YES_AGGRESSIVE;
				CLANG_CXX_LANGUAGE_STANDARD = "gnu++14";
				CLANG_CXX_LIBRARY = "libc++";
				CLANG_ENABLE_MODULES = YES;
				CLANG_ENABLE_OBJC_ARC = YES;
				CLANG_WARN_BLOCK_CAPTURE_AUTORELEASING = YES;
				CLANG_WARN_BOOL_CONVERSION = YES;
				CLANG_WARN_COMMA = YES;
				CLANG_WARN_CONSTANT_CONVERSION = YES;
				CLANG_WARN_DIRECT_OBJC_ISA_USAGE = YES_ERROR;
				CLANG_WARN_DOCUMENTATION_COMMENTS = YES;
				CLANG_WARN_EMPTY_BODY = YES;
				CLANG_WARN_ENUM_CONVERSION = YES;
				CLANG_WARN_INFINITE_RECURSION = YES;
				CLANG_WARN_INT_CONVERSION = YES;
				CLANG_WARN_NON_LITERAL_NULL_CONVERSION = YES;
				CLANG_WARN_OBJC_LITERAL_CONVERSION = YES;
				CLANG_WARN_OBJC_ROOT_CLASS = YES_ERROR;
				CLANG_WARN_RANGE_LOOP_ANALYSIS = YES;
				CLANG_WARN_STRICT_PROTOTYPES = YES;
				CLANG_WARN_SUSPICIOUS_MOVE = YES;
				CLANG_WARN_UNGUARDED_AVAILABILITY = YES_AGGRESSIVE;
				CLANG_WARN_UNREACHABLE_CODE = YES;
				CLANG_WARN__DUPLICATE_METHOD_MATCH = YES;
				COPY_PHASE_STRIP = NO;
				DEBUG_INFORMATION_FORMAT = dwarf;
				ENABLE_STRICT_OBJC_MSGSEND = YES;
				ENABLE_TESTABILITY = YES;
				GCC_C_LANGUAGE_STANDARD = gnu11;
				GCC_DYNAMIC_NO_PIC = NO;
				GCC_NO_COMMON_BLOCKS = YES;
				GCC_OPTIMIZATION_LEVEL = 0;
				GCC_PREPROCESSOR_DEFINITIONS = (
					"DEBUG=1",
					"$(inherited)",
				);
				GCC_WARN_64_TO_32_BIT_CONVERSION = YES;
				GCC_WARN_ABOUT_RETURN_TYPE = YES_ERROR;
				GCC_WARN_UNDECLARED_SELECTOR = YES;
				GCC_WARN_UNINITIALIZED_AUTOS = YES_AGGRESSIVE;
				GCC_WARN_UNUSED_FUNCTION = YES;
				GCC_WARN_UNUSED_VARIABLE = YES;
				HEADER_SEARCH_PATHS = "$(inherited)";
				MTL_ENABLE_DEBUG_INFO = YES;
				ONLY_ACTIVE_ARCH = YES;
				PATH = "$(PATH):$(PROJECT_DIR)";
				PRODUCT_NAME = "$(TARGET_NAME)";
				SKETCHBOOK_DIR = "";
				UPDATE_POLICY = 0;
			};
			name = Debug;
		};
		3B8F883D1FFC22D900F2B67D /* Release */ = {
			isa = XCBuildConfiguration;
			buildSettings = {
				ALWAYS_SEARCH_USER_PATHS = NO;
				CLANG_ANALYZER_NONNULL = YES;
				CLANG_ANALYZER_NUMBER_OBJECT_CONVERSION = YES_AGGRESSIVE;
				CLANG_CXX_LANGUAGE_STANDARD = "gnu++14";
				CLANG_CXX_LIBRARY = "libc++";
				CLANG_ENABLE_MODULES = YES;
				CLANG_ENABLE_OBJC_ARC = YES;
				CLANG_WARN_BLOCK_CAPTURE_AUTORELEASING = YES;
				CLANG_WARN_BOOL_CONVERSION = YES;
				CLANG_WARN_COMMA = YES;
				CLANG_WARN_CONSTANT_CONVERSION = YES;
				CLANG_WARN_DIRECT_OBJC_ISA_USAGE = YES_ERROR;
				CLANG_WARN_DOCUMENTATION_COMMENTS = YES;
				CLANG_WARN_EMPTY_BODY = YES;
				CLANG_WARN_ENUM_CONVERSION = YES;
				CLANG_WARN_INFINITE_RECURSION = YES;
				CLANG_WARN_INT_CONVERSION = YES;
				CLANG_WARN_NON_LITERAL_NULL_CONVERSION = YES;
				CLANG_WARN_OBJC_LITERAL_CONVERSION = YES;
				CLANG_WARN_OBJC_ROOT_CLASS = YES_ERROR;
				CLANG_WARN_RANGE_LOOP_ANALYSIS = YES;
				CLANG_WARN_STRICT_PROTOTYPES = YES;
				CLANG_WARN_SUSPICIOUS_MOVE = YES;
				CLANG_WARN_UNGUARDED_AVAILABILITY = YES_AGGRESSIVE;
				CLANG_WARN_UNREACHABLE_CODE = YES;
				CLANG_WARN__DUPLICATE_METHOD_MATCH = YES;
				COPY_PHASE_STRIP = NO;
				DEBUG_INFORMATION_FORMAT = "dwarf-with-dsym";
				ENABLE_NS_ASSERTIONS = NO;
				ENABLE_STRICT_OBJC_MSGSEND = YES;
				GCC_C_LANGUAGE_STANDARD = gnu11;
				GCC_NO_COMMON_BLOCKS = YES;
				GCC_WARN_64_TO_32_BIT_CONVERSION = YES;
				GCC_WARN_ABOUT_RETURN_TYPE = YES_ERROR;
				GCC_WARN_UNDECLARED_SELECTOR = YES;
				GCC_WARN_UNINITIALIZED_AUTOS = YES_AGGRESSIVE;
				GCC_WARN_UNUSED_FUNCTION = YES;
				GCC_WARN_UNUSED_VARIABLE = YES;
				HEADER_SEARCH_PATHS = "$(inherited)";
				MTL_ENABLE_DEBUG_INFO = NO;
				PATH = "$(PATH):$(PROJECT_DIR)";
				PRODUCT_NAME = "$(TARGET_NAME)";
				SKETCHBOOK_DIR = "";
				UPDATE_POLICY = 0;
			};
			name = Release;
		};
		3B8F883F1FFC22D900F2B67D /* Debug */ = {
			isa = XCBuildConfiguration;
			buildSettings = {
				CODE_SIGN_STYLE = Automatic;
				PRODUCT_NAME = "$(TARGET_NAME)";
			};
			name = Debug;
		};
		3B8F88401FFC22D900F2B67D /* Release */ = {
			isa = XCBuildConfiguration;
			buildSettings = {
				CODE_SIGN_STYLE = Automatic;
				PRODUCT_NAME = "$(TARGET_NAME)";
			};
			name = Release;
		};
		3B8F88421FFC22D900F2B67D /* Debug */ = {
			isa = XCBuildConfiguration;
			buildSettings = {
				CODE_SIGN_STYLE = Automatic;
			};
			name = Debug;
		};
		3B8F88431FFC22D900F2B67D /* Release */ = {
			isa = XCBuildConfiguration;
			buildSettings = {
				CODE_SIGN_STYLE = Automatic;
			};
			name = Release;
		};
		3B8F88451FFC22D900F2B67D /* Debug */ = {
			isa = XCBuildConfiguration;
			buildSettings = {
				CODE_SIGN_STYLE = Automatic;
			};
			name = Debug;
		};
		3B8F88461FFC22D900F2B67D /* Release */ = {
			isa = XCBuildConfiguration;
			buildSettings = {
				CODE_SIGN_STYLE = Automatic;
			};
			name = Release;
		};
		3B8F88481FFC22D900F2B67D /* Debug */ = {
			isa = XCBuildConfiguration;
			buildSettings = {
				CODE_SIGN_STYLE = Automatic;
			};
			name = Debug;
		};
		3B8F88491FFC22D900F2B67D /* Release */ = {
			isa = XCBuildConfiguration;
			buildSettings = {
				CODE_SIGN_STYLE = Automatic;
			};
			name = Release;
		};
		3B8F884B1FFC22D900F2B67D /* Debug */ = {
			isa = XCBuildConfiguration;
			buildSettings = {
				CODE_SIGN_STYLE = Automatic;
			};
			name = Debug;
		};
		3B8F884C1FFC22D900F2B67D /* Release */ = {
			isa = XCBuildConfiguration;
			buildSettings = {
				CODE_SIGN_STYLE = Automatic;
			};
			name = Release;
		};
		3B8F884E1FFC22D900F2B67D /* Debug */ = {
			isa = XCBuildConfiguration;
			buildSettings = {
				CODE_SIGN_STYLE = Automatic;
			};
			name = Debug;
		};
		3B8F884F1FFC22D900F2B67D /* Release */ = {
			isa = XCBuildConfiguration;
			buildSettings = {
				CODE_SIGN_STYLE = Automatic;
			};
			name = Release;
		};
/* End XCBuildConfiguration section */

/* Begin XCConfigurationList section */
		3B8F87E41FFC22D900F2B67D /* Build configuration list for PBXProject "Sensorix" */ = {
			isa = XCConfigurationList;
			buildConfigurations = (
				3B8F883C1FFC22D900F2B67D /* Debug */,
				3B8F883D1FFC22D900F2B67D /* Release */,
			);
			defaultConfigurationIsVisible = 0;
			defaultConfigurationName = Release;
		};
		3B8F883E1FFC22D900F2B67D /* Build configuration list for PBXLegacyTarget "Build" */ = {
			isa = XCConfigurationList;
			buildConfigurations = (
				3B8F883F1FFC22D900F2B67D /* Debug */,
				3B8F88401FFC22D900F2B67D /* Release */,
			);
			defaultConfigurationIsVisible = 0;
			defaultConfigurationName = Release;
		};
		3B8F88411FFC22D900F2B67D /* Build configuration list for PBXLegacyTarget "All" */ = {
			isa = XCConfigurationList;
			buildConfigurations = (
				3B8F88421FFC22D900F2B67D /* Debug */,
				3B8F88431FFC22D900F2B67D /* Release */,
			);
			defaultConfigurationIsVisible = 0;
			defaultConfigurationName = Release;
		};
		3B8F88441FFC22D900F2B67D /* Build configuration list for PBXLegacyTarget "Boards" */ = {
			isa = XCConfigurationList;
			buildConfigurations = (
				3B8F88451FFC22D900F2B67D /* Debug */,
				3B8F88461FFC22D900F2B67D /* Release */,
			);
			defaultConfigurationIsVisible = 0;
			defaultConfigurationName = Release;
		};
		3B8F88471FFC22D900F2B67D /* Build configuration list for PBXLegacyTarget "Serial" */ = {
			isa = XCConfigurationList;
			buildConfigurations = (
				3B8F88481FFC22D900F2B67D /* Debug */,
				3B8F88491FFC22D900F2B67D /* Release */,
			);
			defaultConfigurationIsVisible = 0;
			defaultConfigurationName = Release;
		};
		3B8F884A1FFC22D900F2B67D /* Build configuration list for PBXLegacyTarget "Upload" */ = {
			isa = XCConfigurationList;
			buildConfigurations = (
				3B8F884B1FFC22D900F2B67D /* Debug */,
				3B8F884C1FFC22D900F2B67D /* Release */,
			);
			defaultConfigurationIsVisible = 0;
			defaultConfigurationName = Release;
		};
		3B8F884D1FFC22D900F2B67D /* Build configuration list for PBXNativeTarget "Index" */ = {
			isa = XCConfigurationList;
			buildConfigurations = (
				3B8F884E1FFC22D900F2B67D /* Debug */,
				3B8F884F1FFC22D900F2B67D /* Release */,
			);
			defaultConfigurationIsVisible = 0;
			defaultConfigurationName = Release;
		};
/* End XCConfigurationList section */
	};
	rootObject = 3B8F87E11FFC22D900F2B67D /* Project object */;
}
